
Microsoft Visual Studio Solution File, Format Version 12.00
# Visual Studio Version 16
VisualStudioVersion = 16.0.33423.256
MinimumVisualStudioVersion = 10.0.40219.1
Project("{FAE04EC0-301F-11D3-BF4B-00C04F79EFBC}") = "Super_Shop_Management", "Super Shop Management\Super_Shop_Management.csproj", "{2B65A433-F498-4E85-AAED-601D6F49269A}"
EndProject
Global
	GlobalSection(SolutionConfigurationPlatforms) = preSolution
		Debug|Any CPU = Debug|Any CPU
		Release|Any CPU = Release|Any CPU
	EndGlobalSection
	GlobalSection(ProjectConfigurationPlatforms) = postSolution
		{2B65A433-F498-4E85-AAED-601D6F49269A}.Debug|Any CPU.ActiveCfg = Debug|Any CPU
		{2B65A433-F498-4E85-AAED-601D6F49269A}.Debug|Any CPU.Build.0 = Debug|Any CPU
		{2B65A433-F498-4E85-AAED-601D6F49269A}.Release|Any CPU.ActiveCfg = Release|Any CPU
		{2B65A433-F498-4E85-AAED-601D6F49269A}.Release|Any CPU.Build.0 = Release|Any CPU
	EndGlobalSection
	GlobalSection(SolutionProperties) = preSolution
		HideSolutionNode = FALSE
	EndGlobalSection
	GlobalSection(ExtensibilityGlobals) = postSolution
		SolutionGuid = {3A0C5688-FD59-429B-BD98-922E06947374}
	EndGlobalSection
EndGlobal
